
Microsoft Visual Studio Solution File, Format Version 12.00
# Visual Studio Version 17
VisualStudioVersion = 17.3.32901.215
MinimumVisualStudioVersion = 10.0.40219.1
Project("{FAE04EC0-301F-11D3-BF4B-00C04F79EFBC}") = "test", "test\test.csproj", "{A2D7F58B-8512-49C5-A180-8AF9D4664D5D}"
EndProject
Global
	GlobalSection(SolutionConfigurationPlatforms) = preSolution
		Debug|Any CPU = Debug|Any CPU
		Release|Any CPU = Release|Any CPU
	EndGlobalSection
	GlobalSection(ProjectConfigurationPlatforms) = postSolution
		{A2D7F58B-8512-49C5-A180-8AF9D4664D5D}.Debug|Any CPU.ActiveCfg = Debug|Any CPU
		{A2D7F58B-8512-49C5-A180-8AF9D4664D5D}.Debug|Any CPU.Build.0 = Debug|Any CPU
		{A2D7F58B-8512-49C5-A180-8AF9D4664D5D}.Release|Any CPU.ActiveCfg = Release|Any CPU
		{A2D7F58B-8512-49C5-A180-8AF9D4664D5D}.Release|Any CPU.Build.0 = Release|Any CPU
	EndGlobalSection
	GlobalSection(SolutionProperties) = preSolution
		HideSolutionNode = FALSE
	EndGlobalSection
	GlobalSection(ExtensibilityGlobals) = postSolution
		SolutionGuid = {A42F0F53-CCB7-49A4-A7C3-066F69FD728E}
	EndGlobalSection
EndGlobal
